
Microsoft Visual Studio Solution File, Format Version 12.00
# Visual Studio 14
VisualStudioVersion = 14.0.25420.1
MinimumVisualStudioVersion = 10.0.40219.1
Project("{F2A71F9B-5D33-465A-A702-920D77279786}") = "Library1", "Library1\Library1.fsproj", "{9572187D-D60A-4F16-91BD-6943B87AA07A}"
EndProject
Project("{FAE04EC0-301F-11D3-BF4B-00C04F79EFBC}") = "SadTest", "SadTest\SadTest.csproj", "{10E06497-E369-4DAC-9D26-B0D822C2A865}"
EndProject
Global
	GlobalSection(SolutionConfigurationPlatforms) = preSolution
		Debug|Any CPU = Debug|Any CPU
		Release|Any CPU = Release|Any CPU
	EndGlobalSection
	GlobalSection(ProjectConfigurationPlatforms) = postSolution
		{9572187D-D60A-4F16-91BD-6943B87AA07A}.Debug|Any CPU.ActiveCfg = Debug|Any CPU
		{9572187D-D60A-4F16-91BD-6943B87AA07A}.Debug|Any CPU.Build.0 = Debug|Any CPU
		{9572187D-D60A-4F16-91BD-6943B87AA07A}.Release|Any CPU.ActiveCfg = Release|Any CPU
		{9572187D-D60A-4F16-91BD-6943B87AA07A}.Release|Any CPU.Build.0 = Release|Any CPU
		{10E06497-E369-4DAC-9D26-B0D822C2A865}.Debug|Any CPU.ActiveCfg = Debug|Any CPU
		{10E06497-E369-4DAC-9D26-B0D822C2A865}.Debug|Any CPU.Build.0 = Debug|Any CPU
		{10E06497-E369-4DAC-9D26-B0D822C2A865}.Release|Any CPU.ActiveCfg = Release|Any CPU
		{10E06497-E369-4DAC-9D26-B0D822C2A865}.Release|Any CPU.Build.0 = Release|Any CPU
	EndGlobalSection
	GlobalSection(SolutionProperties) = preSolution
		HideSolutionNode = FALSE
	EndGlobalSection
EndGlobal
